PODS:
  - Alamofire (3.2.1)
  - AVOSCloud (3.2.6)
  - RongCloudIMKit (2.4.8)

DEPENDENCIES:
  - Alamofire
  - AVOSCloud
  - RongCloudIMKit (~> 2.4.8)

SPEC CHECKSUMS:
  Alamofire: f11d8624a05f5d39e0c99309b3e600a3ba64298a
  AVOSCloud: 08ba88573fca8559dfc658942b391c4568fabfc0
  RongCloudIMKit: 43f367cba48b58238f1ab3b268842e6951231a54

COCOAPODS: 0.39.0
